
Microsoft Visual Studio Solution File, Format Version 12.00
# Visual Studio Version 17
VisualStudioVersion = 17.4.33213.308
MinimumVisualStudioVersion = 10.0.40219.1
Project("{FAE04EC0-301F-11D3-BF4B-00C04F79EFBC}") = "LastTest410918657", "LastTest410918657\LastTest410918657.csproj", "{68F732DA-7C72-4A40-AD97-9999EB059C2E}"
EndProject
Global
	GlobalSection(SolutionConfigurationPlatforms) = preSolution
		Debug|Any CPU = Debug|Any CPU
		Release|Any CPU = Release|Any CPU
	EndGlobalSection
	GlobalSection(ProjectConfigurationPlatforms) = postSolution
		{68F732DA-7C72-4A40-AD97-9999EB059C2E}.Debug|Any CPU.ActiveCfg = Debug|Any CPU
		{68F732DA-7C72-4A40-AD97-9999EB059C2E}.Debug|Any CPU.Build.0 = Debug|Any CPU
		{68F732DA-7C72-4A40-AD97-9999EB059C2E}.Release|Any CPU.ActiveCfg = Release|Any CPU
		{68F732DA-7C72-4A40-AD97-9999EB059C2E}.Release|Any CPU.Build.0 = Release|Any CPU
	EndGlobalSection
	GlobalSection(SolutionProperties) = preSolution
		HideSolutionNode = FALSE
	EndGlobalSection
	GlobalSection(ExtensibilityGlobals) = postSolution
		SolutionGuid = {0D731D8B-7CE0-4C89-B2EC-288F9512A9AA}
	EndGlobalSection
EndGlobal
